
Microsoft Visual Studio Solution File, Format Version 12.00
# Visual Studio Version 16
VisualStudioVersion = 16.0.31229.75
MinimumVisualStudioVersion = 10.0.40219.1
Project("{FAE04EC0-301F-11D3-BF4B-00C04F79EFBC}") = "SimWizard", "SimWizard\SimWizard.csproj", "{E8699BD0-3E8F-496D-A5DE-9B1889760A31}"
EndProject
Global
	GlobalSection(SolutionConfigurationPlatforms) = preSolution
		Debug|Any CPU = Debug|Any CPU
		Release|Any CPU = Release|Any CPU
	EndGlobalSection
	GlobalSection(ProjectConfigurationPlatforms) = postSolution
		{E8699BD0-3E8F-496D-A5DE-9B1889760A31}.Debug|Any CPU.ActiveCfg = Debug|Any CPU
		{E8699BD0-3E8F-496D-A5DE-9B1889760A31}.Debug|Any CPU.Build.0 = Debug|Any CPU
		{E8699BD0-3E8F-496D-A5DE-9B1889760A31}.Release|Any CPU.ActiveCfg = Release|Any CPU
		{E8699BD0-3E8F-496D-A5DE-9B1889760A31}.Release|Any CPU.Build.0 = Release|Any CPU
	EndGlobalSection
	GlobalSection(SolutionProperties) = preSolution
		HideSolutionNode = FALSE
	EndGlobalSection
	GlobalSection(ExtensibilityGlobals) = postSolution
		SolutionGuid = {FE95C14E-2BDE-4D37-AAE0-01D41A72B042}
	EndGlobalSection
EndGlobal
